
Microsoft Visual Studio Solution File, Format Version 12.00
# Visual Studio Version 17
VisualStudioVersion = 17.8.34511.84
MinimumVisualStudioVersion = 10.0.40219.1
Project("{8BC9CEB8-8B4A-11D0-8D11-00A0C91BC942}") = "UDPServer", "UDPServer\UDPServer.vcxproj", "{7DE6FA7A-204E-41B9-A9A0-F98AEB32C97C}"
EndProject
Global
	GlobalSection(SolutionConfigurationPlatforms) = preSolution
		Debug|x64 = Debug|x64
		Debug|x86 = Debug|x86
		Release|x64 = Release|x64
		Release|x86 = Release|x86
	EndGlobalSection
	GlobalSection(ProjectConfigurationPlatforms) = postSolution
		{7DE6FA7A-204E-41B9-A9A0-F98AEB32C97C}.Debug|x64.ActiveCfg = Debug|x64
		{7DE6FA7A-204E-41B9-A9A0-F98AEB32C97C}.Debug|x64.Build.0 = Debug|x64
		{7DE6FA7A-204E-41B9-A9A0-F98AEB32C97C}.Debug|x86.ActiveCfg = Debug|Win32
		{7DE6FA7A-204E-41B9-A9A0-F98AEB32C97C}.Debug|x86.Build.0 = Debug|Win32
		{7DE6FA7A-204E-41B9-A9A0-F98AEB32C97C}.Release|x64.ActiveCfg = Release|x64
		{7DE6FA7A-204E-41B9-A9A0-F98AEB32C97C}.Release|x64.Build.0 = Release|x64
		{7DE6FA7A-204E-41B9-A9A0-F98AEB32C97C}.Release|x86.ActiveCfg = Release|Win32
		{7DE6FA7A-204E-41B9-A9A0-F98AEB32C97C}.Release|x86.Build.0 = Release|Win32
	EndGlobalSection
	GlobalSection(SolutionProperties) = preSolution
		HideSolutionNode = FALSE
	EndGlobalSection
	GlobalSection(ExtensibilityGlobals) = postSolution
		SolutionGuid = {27782126-D820-4D7A-83D2-11064B4DF78B}
	EndGlobalSection
EndGlobal
